
Microsoft Visual Studio Solution File, Format Version 12.00
#
Project("{FAE04EC0-301F-11D3-BF4B-00C04F79EFBC}") = "myTask", "myTask\myTask\myTask.csproj", "{BAC26416-C8A3-4FBD-9CB5-F2215471C75A}"
EndProject
Project("{FAE04EC0-301F-11D3-BF4B-00C04F79EFBC}") = "myTask.Android", "myTask\myTask.Android\myTask.Android.csproj", "{B57E60D8-BD2B-4A06-942A-94A24DB722D9}"
EndProject
Project("{FAE04EC0-301F-11D3-BF4B-00C04F79EFBC}") = "myTask.iOS", "myTask\myTask.iOS\myTask.iOS.csproj", "{187F5365-AF0A-4EB3-8A2D-C720F1C474FA}"
EndProject
Project("{FAE04EC0-301F-11D3-BF4B-00C04F79EFBC}") = "myTask.MobileTests", "myTask\myTask.MobileTests\myTask.MobileTests.csproj", "{AB162B6C-5FFD-4D57-B885-71F343D76599}"
EndProject
Project("{FAE04EC0-301F-11D3-BF4B-00C04F79EFBC}") = "myTask.webAPI", "myTask.webAPI\myTask.webAPI.csproj", "{FB3EE560-1B6C-42C0-BE27-608BA9EE3AB3}"
EndProject
Global
	GlobalSection(SolutionConfigurationPlatforms) = preSolution
		Ad-Hoc|iPhone = Ad-Hoc|iPhone
		AppStore|iPhone = AppStore|iPhone
		Debug|Any CPU = Debug|Any CPU
		Debug|iPhone = Debug|iPhone
		Debug|iPhoneSimulator = Debug|iPhoneSimulator
		Release|Any CPU = Release|Any CPU
		Release|iPhone = Release|iPhone
		Release|iPhoneSimulator = Release|iPhoneSimulator
	EndGlobalSection
	GlobalSection(ProjectConfigurationPlatforms) = postSolution
		{BAC26416-C8A3-4FBD-9CB5-F2215471C75A}.Ad-Hoc|iPhone.ActiveCfg = Debug|Any CPU
		{BAC26416-C8A3-4FBD-9CB5-F2215471C75A}.Ad-Hoc|iPhone.Build.0 = Debug|Any CPU
		{BAC26416-C8A3-4FBD-9CB5-F2215471C75A}.AppStore|iPhone.ActiveCfg = Debug|Any CPU
		{BAC26416-C8A3-4FBD-9CB5-F2215471C75A}.AppStore|iPhone.Build.0 = Debug|Any CPU
		{BAC26416-C8A3-4FBD-9CB5-F2215471C75A}.Debug|Any CPU.ActiveCfg = Debug|Any CPU
		{BAC26416-C8A3-4FBD-9CB5-F2215471C75A}.Debug|Any CPU.Build.0 = Debug|Any CPU
		{BAC26416-C8A3-4FBD-9CB5-F2215471C75A}.Debug|iPhone.ActiveCfg = Debug|Any CPU
		{BAC26416-C8A3-4FBD-9CB5-F2215471C75A}.Debug|iPhone.Build.0 = Debug|Any CPU
		{BAC26416-C8A3-4FBD-9CB5-F2215471C75A}.Debug|iPhoneSimulator.ActiveCfg = Debug|Any CPU
		{BAC26416-C8A3-4FBD-9CB5-F2215471C75A}.Debug|iPhoneSimulator.Build.0 = Debug|Any CPU
		{BAC26416-C8A3-4FBD-9CB5-F2215471C75A}.Release|Any CPU.ActiveCfg = Release|Any CPU
		{BAC26416-C8A3-4FBD-9CB5-F2215471C75A}.Release|Any CPU.Build.0 = Release|Any CPU
		{BAC26416-C8A3-4FBD-9CB5-F2215471C75A}.Release|iPhone.ActiveCfg = Release|Any CPU
		{BAC26416-C8A3-4FBD-9CB5-F2215471C75A}.Release|iPhone.Build.0 = Release|Any CPU
		{BAC26416-C8A3-4FBD-9CB5-F2215471C75A}.Release|iPhoneSimulator.ActiveCfg = Release|Any CPU
		{BAC26416-C8A3-4FBD-9CB5-F2215471C75A}.Release|iPhoneSimulator.Build.0 = Release|Any CPU
		{B57E60D8-BD2B-4A06-942A-94A24DB722D9}.Ad-Hoc|iPhone.ActiveCfg = Debug|Any CPU
		{B57E60D8-BD2B-4A06-942A-94A24DB722D9}.Ad-Hoc|iPhone.Build.0 = Debug|Any CPU
		{B57E60D8-BD2B-4A06-942A-94A24DB722D9}.Ad-Hoc|iPhone.Deploy.0 = Debug|Any CPU
		{B57E60D8-BD2B-4A06-942A-94A24DB722D9}.AppStore|iPhone.ActiveCfg = Debug|Any CPU
		{B57E60D8-BD2B-4A06-942A-94A24DB722D9}.AppStore|iPhone.Build.0 = Debug|Any CPU
		{B57E60D8-BD2B-4A06-942A-94A24DB722D9}.AppStore|iPhone.Deploy.0 = Debug|Any CPU
		{B57E60D8-BD2B-4A06-942A-94A24DB722D9}.Debug|Any CPU.ActiveCfg = Debug|Any CPU
		{B57E60D8-BD2B-4A06-942A-94A24DB722D9}.Debug|Any CPU.Build.0 = Debug|Any CPU
		{B57E60D8-BD2B-4A06-942A-94A24DB722D9}.Debug|Any CPU.Deploy.0 = Debug|Any CPU
		{B57E60D8-BD2B-4A06-942A-94A24DB722D9}.Debug|iPhone.ActiveCfg = Debug|Any CPU
		{B57E60D8-BD2B-4A06-942A-94A24DB722D9}.Debug|iPhone.Build.0 = Debug|Any CPU
		{B57E60D8-BD2B-4A06-942A-94A24DB722D9}.Debug|iPhone.Deploy.0 = Debug|Any CPU
		{B57E60D8-BD2B-4A06-942A-94A24DB722D9}.Debug|iPhoneSimulator.ActiveCfg = Debug|Any CPU
		{B57E60D8-BD2B-4A06-942A-94A24DB722D9}.Debug|iPhoneSimulator.Build.0 = Debug|Any CPU
		{B57E60D8-BD2B-4A06-942A-94A24DB722D9}.Debug|iPhoneSimulator.Deploy.0 = Debug|Any CPU
		{B57E60D8-BD2B-4A06-942A-94A24DB722D9}.Release|Any CPU.ActiveCfg = Release|Any CPU
		{B57E60D8-BD2B-4A06-942A-94A24DB722D9}.Release|Any CPU.Build.0 = Release|Any CPU
		{B57E60D8-BD2B-4A06-942A-94A24DB722D9}.Release|Any CPU.Deploy.0 = Release|Any CPU
		{B57E60D8-BD2B-4A06-942A-94A24DB722D9}.Release|iPhone.ActiveCfg = Release|Any CPU
		{B57E60D8-BD2B-4A06-942A-94A24DB722D9}.Release|iPhone.Build.0 = Release|Any CPU
		{B57E60D8-BD2B-4A06-942A-94A24DB722D9}.Release|iPhone.Deploy.0 = Release|Any CPU
		{B57E60D8-BD2B-4A06-942A-94A24DB722D9}.Release|iPhoneSimulator.ActiveCfg = Release|Any CPU
		{B57E60D8-BD2B-4A06-942A-94A24DB722D9}.Release|iPhoneSimulator.Build.0 = Release|Any CPU
		{B57E60D8-BD2B-4A06-942A-94A24DB722D9}.Release|iPhoneSimulator.Deploy.0 = Release|Any CPU
		{187F5365-AF0A-4EB3-8A2D-C720F1C474FA}.Ad-Hoc|iPhone.ActiveCfg = Ad-Hoc|iPhone
		{187F5365-AF0A-4EB3-8A2D-C720F1C474FA}.Ad-Hoc|iPhone.Build.0 = Ad-Hoc|iPhone
		{187F5365-AF0A-4EB3-8A2D-C720F1C474FA}.Ad-Hoc|iPhone.Deploy.0 = Ad-Hoc|iPhone
		{187F5365-AF0A-4EB3-8A2D-C720F1C474FA}.AppStore|iPhone.ActiveCfg = AppStore|iPhone
		{187F5365-AF0A-4EB3-8A2D-C720F1C474FA}.AppStore|iPhone.Build.0 = AppStore|iPhone
		{187F5365-AF0A-4EB3-8A2D-C720F1C474FA}.AppStore|iPhone.Deploy.0 = AppStore|iPhone
		{187F5365-AF0A-4EB3-8A2D-C720F1C474FA}.Debug|Any CPU.ActiveCfg = Debug|iPhoneSimulator
		{187F5365-AF0A-4EB3-8A2D-C720F1C474FA}.Debug|Any CPU.Build.0 = Debug|iPhoneSimulator
		{187F5365-AF0A-4EB3-8A2D-C720F1C474FA}.Debug|Any CPU.Deploy.0 = Debug|iPhoneSimulator
		{187F5365-AF0A-4EB3-8A2D-C720F1C474FA}.Debug|iPhone.ActiveCfg = Debug|iPhone
		{187F5365-AF0A-4EB3-8A2D-C720F1C474FA}.Debug|iPhone.Build.0 = Debug|iPhone
		{187F5365-AF0A-4EB3-8A2D-C720F1C474FA}.Debug|iPhone.Deploy.0 = Debug|iPhone
		{187F5365-AF0A-4EB3-8A2D-C720F1C474FA}.Debug|iPhoneSimulator.ActiveCfg = Debug|iPhoneSimulator
		{187F5365-AF0A-4EB3-8A2D-C720F1C474FA}.Debug|iPhoneSimulator.Build.0 = Debug|iPhoneSimulator
		{187F5365-AF0A-4EB3-8A2D-C720F1C474FA}.Debug|iPhoneSimulator.Deploy.0 = Debug|iPhoneSimulator
		{187F5365-AF0A-4EB3-8A2D-C720F1C474FA}.Release|Any CPU.ActiveCfg = Release|iPhoneSimulator
		{187F5365-AF0A-4EB3-8A2D-C720F1C474FA}.Release|Any CPU.Build.0 = Release|iPhoneSimulator
		{187F5365-AF0A-4EB3-8A2D-C720F1C474FA}.Release|Any CPU.Deploy.0 = Release|iPhoneSimulator
		{187F5365-AF0A-4EB3-8A2D-C720F1C474FA}.Release|iPhone.ActiveCfg = Release|iPhone
		{187F5365-AF0A-4EB3-8A2D-C720F1C474FA}.Release|iPhone.Build.0 = Release|iPhone
		{187F5365-AF0A-4EB3-8A2D-C720F1C474FA}.Release|iPhone.Deploy.0 = Release|iPhone
		{187F5365-AF0A-4EB3-8A2D-C720F1C474FA}.Release|iPhoneSimulator.ActiveCfg = Release|iPhoneSimulator
		{187F5365-AF0A-4EB3-8A2D-C720F1C474FA}.Release|iPhoneSimulator.Build.0 = Release|iPhoneSimulator
		{187F5365-AF0A-4EB3-8A2D-C720F1C474FA}.Release|iPhoneSimulator.Deploy.0 = Release|iPhoneSimulator
		{AB162B6C-5FFD-4D57-B885-71F343D76599}.Ad-Hoc|iPhone.ActiveCfg = Debug|Any CPU
		{AB162B6C-5FFD-4D57-B885-71F343D76599}.Ad-Hoc|iPhone.Build.0 = Debug|Any CPU
		{AB162B6C-5FFD-4D57-B885-71F343D76599}.AppStore|iPhone.ActiveCfg = Debug|Any CPU
		{AB162B6C-5FFD-4D57-B885-71F343D76599}.AppStore|iPhone.Build.0 = Debug|Any CPU
		{AB162B6C-5FFD-4D57-B885-71F343D76599}.Debug|Any CPU.ActiveCfg = Debug|Any CPU
		{AB162B6C-5FFD-4D57-B885-71F343D76599}.Debug|Any CPU.Build.0 = Debug|Any CPU
		{AB162B6C-5FFD-4D57-B885-71F343D76599}.Debug|iPhone.ActiveCfg = Debug|Any CPU
		{AB162B6C-5FFD-4D57-B885-71F343D76599}.Debug|iPhone.Build.0 = Debug|Any CPU
		{AB162B6C-5FFD-4D57-B885-71F343D76599}.Debug|iPhoneSimulator.ActiveCfg = Debug|Any CPU
		{AB162B6C-5FFD-4D57-B885-71F343D76599}.Debug|iPhoneSimulator.Build.0 = Debug|Any CPU
		{AB162B6C-5FFD-4D57-B885-71F343D76599}.Release|Any CPU.ActiveCfg = Release|Any CPU
		{AB162B6C-5FFD-4D57-B885-71F343D76599}.Release|Any CPU.Build.0 = Release|Any CPU
		{AB162B6C-5FFD-4D57-B885-71F343D76599}.Release|iPhone.ActiveCfg = Release|Any CPU
		{AB162B6C-5FFD-4D57-B885-71F343D76599}.Release|iPhone.Build.0 = Release|Any CPU
		{AB162B6C-5FFD-4D57-B885-71F343D76599}.Release|iPhoneSimulator.ActiveCfg = Release|Any CPU
		{AB162B6C-5FFD-4D57-B885-71F343D76599}.Release|iPhoneSimulator.Build.0 = Release|Any CPU
		{FB3EE560-1B6C-42C0-BE27-608BA9EE3AB3}.Ad-Hoc|iPhone.ActiveCfg = Debug|Any CPU
		{FB3EE560-1B6C-42C0-BE27-608BA9EE3AB3}.Ad-Hoc|iPhone.Build.0 = Debug|Any CPU
		{FB3EE560-1B6C-42C0-BE27-608BA9EE3AB3}.AppStore|iPhone.ActiveCfg = Debug|Any CPU
		{FB3EE560-1B6C-42C0-BE27-608BA9EE3AB3}.AppStore|iPhone.Build.0 = Debug|Any CPU
		{FB3EE560-1B6C-42C0-BE27-608BA9EE3AB3}.Debug|Any CPU.ActiveCfg = Debug|Any CPU
		{FB3EE560-1B6C-42C0-BE27-608BA9EE3AB3}.Debug|Any CPU.Build.0 = Debug|Any CPU
		{FB3EE560-1B6C-42C0-BE27-608BA9EE3AB3}.Debug|iPhone.ActiveCfg = Debug|Any CPU
		{FB3EE560-1B6C-42C0-BE27-608BA9EE3AB3}.Debug|iPhone.Build.0 = Debug|Any CPU
		{FB3EE560-1B6C-42C0-BE27-608BA9EE3AB3}.Debug|iPhoneSimulator.ActiveCfg = Debug|Any CPU
		{FB3EE560-1B6C-42C0-BE27-608BA9EE3AB3}.Debug|iPhoneSimulator.Build.0 = Debug|Any CPU
		{FB3EE560-1B6C-42C0-BE27-608BA9EE3AB3}.Release|Any CPU.ActiveCfg = Release|Any CPU
		{FB3EE560-1B6C-42C0-BE27-608BA9EE3AB3}.Release|Any CPU.Build.0 = Release|Any CPU
		{FB3EE560-1B6C-42C0-BE27-608BA9EE3AB3}.Release|iPhone.ActiveCfg = Release|Any CPU
		{FB3EE560-1B6C-42C0-BE27-608BA9EE3AB3}.Release|iPhone.Build.0 = Release|Any CPU
		{FB3EE560-1B6C-42C0-BE27-608BA9EE3AB3}.Release|iPhoneSimulator.ActiveCfg = Release|Any CPU
		{FB3EE560-1B6C-42C0-BE27-608BA9EE3AB3}.Release|iPhoneSimulator.Build.0 = Release|Any CPU
	EndGlobalSection
	GlobalSection(NestedProjects) = preSolution
	EndGlobalSection
EndGlobal
